
Microsoft Visual Studio Solution File, Format Version 12.00
# Visual Studio Version 16
VisualStudioVersion = 16.0.29806.167
MinimumVisualStudioVersion = 10.0.40219.1
Project("{FAE04EC0-301F-11D3-BF4B-00C04F79EFBC}") = "05_Snake", "05_Snake\05_Snake.csproj", "{83B365E2-8211-468B-9688-0DEC0F05F845}"
EndProject
Global
	GlobalSection(SolutionConfigurationPlatforms) = preSolution
		Debug|Any CPU = Debug|Any CPU
		Release|Any CPU = Release|Any CPU
	EndGlobalSection
	GlobalSection(ProjectConfigurationPlatforms) = postSolution
		{83B365E2-8211-468B-9688-0DEC0F05F845}.Debug|Any CPU.ActiveCfg = Debug|Any CPU
		{83B365E2-8211-468B-9688-0DEC0F05F845}.Debug|Any CPU.Build.0 = Debug|Any CPU
		{83B365E2-8211-468B-9688-0DEC0F05F845}.Release|Any CPU.ActiveCfg = Release|Any CPU
		{83B365E2-8211-468B-9688-0DEC0F05F845}.Release|Any CPU.Build.0 = Release|Any CPU
	EndGlobalSection
	GlobalSection(SolutionProperties) = preSolution
		HideSolutionNode = FALSE
	EndGlobalSection
	GlobalSection(ExtensibilityGlobals) = postSolution
		SolutionGuid = {956D9A46-F29E-4FDE-A556-A308B1B4C451}
	EndGlobalSection
EndGlobal
