
Microsoft Visual Studio Solution File, Format Version 12.00
# Visual Studio Version 16
VisualStudioVersion = 16.0.29806.167
MinimumVisualStudioVersion = 10.0.40219.1
Project("{FAE04EC0-301F-11D3-BF4B-00C04F79EFBC}") = "04_Miniaint", "04_Miniaint\04_Miniaint.csproj", "{DA3A1A9D-E84E-4F8B-8D10-6D9BDC883815}"
EndProject
Global
	GlobalSection(SolutionConfigurationPlatforms) = preSolution
		Debug|Any CPU = Debug|Any CPU
		Release|Any CPU = Release|Any CPU
	EndGlobalSection
	GlobalSection(ProjectConfigurationPlatforms) = postSolution
		{DA3A1A9D-E84E-4F8B-8D10-6D9BDC883815}.Debug|Any CPU.ActiveCfg = Debug|Any CPU
		{DA3A1A9D-E84E-4F8B-8D10-6D9BDC883815}.Debug|Any CPU.Build.0 = Debug|Any CPU
		{DA3A1A9D-E84E-4F8B-8D10-6D9BDC883815}.Release|Any CPU.ActiveCfg = Release|Any CPU
		{DA3A1A9D-E84E-4F8B-8D10-6D9BDC883815}.Release|Any CPU.Build.0 = Release|Any CPU
	EndGlobalSection
	GlobalSection(SolutionProperties) = preSolution
		HideSolutionNode = FALSE
	EndGlobalSection
	GlobalSection(ExtensibilityGlobals) = postSolution
		SolutionGuid = {556C0945-1A64-428A-BEB6-12A0D3F1AC68}
	EndGlobalSection
EndGlobal
